
Microsoft Visual Studio Solution File, Format Version 12.00
# Visual Studio Version 16
VisualStudioVersion = 16.0.29215.179
MinimumVisualStudioVersion = 10.0.40219.1
Project("{FAE04EC0-301F-11D3-BF4B-00C04F79EFBC}") = "GraphQLDotNetClient", "GraphQLDotNetClient\GraphQLDotNetClient.csproj", "{82FD9874-C889-4824-B0DC-14EEFA6EF393}"
EndProject
Project("{FAE04EC0-301F-11D3-BF4B-00C04F79EFBC}") = "OctokitGraphQL", "OctokitGraphQL\OctokitGraphQL.csproj", "{5033A889-7240-4442-B37D-E941AD318DE3}"
EndProject
Project("{9A19103F-16F7-4668-BE54-9A1E7A4F7556}") = "VanillaHttpClient", "VanillaHttpClient\VanillaHttpClient.csproj", "{B235EEE7-AC63-4FBD-B2E8-AA8C7FA3E99B}"
EndProject
Global
	GlobalSection(SolutionConfigurationPlatforms) = preSolution
		Debug|Any CPU = Debug|Any CPU
		Release|Any CPU = Release|Any CPU
	EndGlobalSection
	GlobalSection(ProjectConfigurationPlatforms) = postSolution
		{82FD9874-C889-4824-B0DC-14EEFA6EF393}.Debug|Any CPU.ActiveCfg = Debug|Any CPU
		{82FD9874-C889-4824-B0DC-14EEFA6EF393}.Debug|Any CPU.Build.0 = Debug|Any CPU
		{82FD9874-C889-4824-B0DC-14EEFA6EF393}.Release|Any CPU.ActiveCfg = Release|Any CPU
		{82FD9874-C889-4824-B0DC-14EEFA6EF393}.Release|Any CPU.Build.0 = Release|Any CPU
		{5033A889-7240-4442-B37D-E941AD318DE3}.Debug|Any CPU.ActiveCfg = Debug|Any CPU
		{5033A889-7240-4442-B37D-E941AD318DE3}.Debug|Any CPU.Build.0 = Debug|Any CPU
		{5033A889-7240-4442-B37D-E941AD318DE3}.Release|Any CPU.ActiveCfg = Release|Any CPU
		{5033A889-7240-4442-B37D-E941AD318DE3}.Release|Any CPU.Build.0 = Release|Any CPU
		{B235EEE7-AC63-4FBD-B2E8-AA8C7FA3E99B}.Debug|Any CPU.ActiveCfg = Debug|Any CPU
		{B235EEE7-AC63-4FBD-B2E8-AA8C7FA3E99B}.Debug|Any CPU.Build.0 = Debug|Any CPU
		{B235EEE7-AC63-4FBD-B2E8-AA8C7FA3E99B}.Release|Any CPU.ActiveCfg = Release|Any CPU
		{B235EEE7-AC63-4FBD-B2E8-AA8C7FA3E99B}.Release|Any CPU.Build.0 = Release|Any CPU
	EndGlobalSection
	GlobalSection(SolutionProperties) = preSolution
		HideSolutionNode = FALSE
	EndGlobalSection
	GlobalSection(ExtensibilityGlobals) = postSolution
		SolutionGuid = {5D1E8B1A-11EE-46C0-B863-565CAB42CCC8}
	EndGlobalSection
EndGlobal
